// !$*UTF8*$!
{
	archiveVersion = 1;
	classes = {
	};
	objectVersion = 48;
	objects = {

/* Begin PBXBuildFile section */
		089D9265D0BCBCEECFCE99D4 /* Pods_SOS.framework in Frameworks */ = {isa = PBXBuildFile; fileRef = 6308C07E0CB09D60A9A2C028 /* Pods_SOS.framework */; };
		81BE5AD0204AFA440077E5E2 /* AppDelegate.swift in Sources */ = {isa = PBXBuildFile; fileRef = 81BE5ACF204AFA440077E5E2 /* AppDelegate.swift */; };
		81BE5AD7204AFA440077E5E2 /* Assets.xcassets in Resources */ = {isa = PBXBuildFile; fileRef = 81BE5AD6204AFA440077E5E2 /* Assets.xcassets */; };
		81BE5ADA204AFA440077E5E2 /* LaunchScreen.storyboard in Resources */ = {isa = PBXBuildFile; fileRef = 81BE5AD8204AFA440077E5E2 /* LaunchScreen.storyboard */; };
		81BE5AE5204AFA440077E5E2 /* SOSTests.swift in Sources */ = {isa = PBXBuildFile; fileRef = 81BE5AE4204AFA440077E5E2 /* SOSTests.swift */; };
		81BE5AF0204B013B0077E5E2 /* LoginViewController.swift in Sources */ = {isa = PBXBuildFile; fileRef = 81BE5AEF204B013B0077E5E2 /* LoginViewController.swift */; };
		81BE5AF2204B01700077E5E2 /* SearchViewController.swift in Sources */ = {isa = PBXBuildFile; fileRef = 81BE5AF1204B01700077E5E2 /* SearchViewController.swift */; };
		81BE5AF4204B01910077E5E2 /* ResultViewController.swift in Sources */ = {isa = PBXBuildFile; fileRef = 81BE5AF3204B01910077E5E2 /* ResultViewController.swift */; };
		81BE5AF6204B01BB0077E5E2 /* SiteDetailViewController.swift in Sources */ = {isa = PBXBuildFile; fileRef = 81BE5AF5204B01BB0077E5E2 /* SiteDetailViewController.swift */; };
		81BE5AF8204B01ED0077E5E2 /* MyInfoViewController.swift in Sources */ = {isa = PBXBuildFile; fileRef = 81BE5AF7204B01ED0077E5E2 /* MyInfoViewController.swift */; };
		81BE5AFA204B02180077E5E2 /* ForumViewController.swift in Sources */ = {isa = PBXBuildFile; fileRef = 81BE5AF9204B02180077E5E2 /* ForumViewController.swift */; };
		81BE5AFC204B02460077E5E2 /* AddQuestionViewController.swift in Sources */ = {isa = PBXBuildFile; fileRef = 81BE5AFB204B02460077E5E2 /* AddQuestionViewController.swift */; };
		81BE5AFE204B02B20077E5E2 /* QuestionDetailViewController.swift in Sources */ = {isa = PBXBuildFile; fileRef = 81BE5AFD204B02B20077E5E2 /* QuestionDetailViewController.swift */; };
		81BE5B02204B04DA0077E5E2 /* EditInfoViewController.swift in Sources */ = {isa = PBXBuildFile; fileRef = 81BE5B01204B04DA0077E5E2 /* EditInfoViewController.swift */; };
		81BE5B15204B08780077E5E2 /* Stylesheet.swift in Sources */ = {isa = PBXBuildFile; fileRef = 81BE5B09204B08780077E5E2 /* Stylesheet.swift */; };
		81BE5B16204B08780077E5E2 /* UIViewController+Nav.swift in Sources */ = {isa = PBXBuildFile; fileRef = 81BE5B0A204B08780077E5E2 /* UIViewController+Nav.swift */; };
		81BE5B17204B08780077E5E2 /* Alert.swift in Sources */ = {isa = PBXBuildFile; fileRef = 81BE5B0B204B08780077E5E2 /* Alert.swift */; };
		81BE5B18204B08780077E5E2 /* LoginCoordinator.swift in Sources */ = {isa = PBXBuildFile; fileRef = 81BE5B0C204B08780077E5E2 /* LoginCoordinator.swift */; };
		81BE5B19204B08780077E5E2 /* UIColor+Hex.swift in Sources */ = {isa = PBXBuildFile; fileRef = 81BE5B0D204B08780077E5E2 /* UIColor+Hex.swift */; };
		81BE5B1A204B08780077E5E2 /* UIApplication+topViewController.swift in Sources */ = {isa = PBXBuildFile; fileRef = 81BE5B0E204B08780077E5E2 /* UIApplication+topViewController.swift */; };
		81BE5B1B204B08780077E5E2 /* AZTabBarButtonDelegate.swift in Sources */ = {isa = PBXBuildFile; fileRef = 81BE5B10204B08780077E5E2 /* AZTabBarButtonDelegate.swift */; };
		81BE5B1C204B08780077E5E2 /* AZTabBarButton.swift in Sources */ = {isa = PBXBuildFile; fileRef = 81BE5B11204B08780077E5E2 /* AZTabBarButton.swift */; };
		81BE5B1D204B08780077E5E2 /* AZTabBarDelegate.swift in Sources */ = {isa = PBXBuildFile; fileRef = 81BE5B12204B08780077E5E2 /* AZTabBarDelegate.swift */; };
		81BE5B1E204B08780077E5E2 /* AZTabBarController.xib in Resources */ = {isa = PBXBuildFile; fileRef = 81BE5B13204B08780077E5E2 /* AZTabBarController.xib */; };
		81BE5B1F204B08780077E5E2 /* AZTabBarController.swift in Sources */ = {isa = PBXBuildFile; fileRef = 81BE5B14204B08780077E5E2 /* AZTabBarController.swift */; };
		81BE5B21204B0DE80077E5E2 /* TestSite.swift in Sources */ = {isa = PBXBuildFile; fileRef = 81BE5B20204B0DE80077E5E2 /* TestSite.swift */; };
		E5ABFCDD9C26E2799BFB76C8 /* Pods_SOSTests.framework in Frameworks */ = {isa = PBXBuildFile; fileRef = FFCD6D4F9934BAA561647EA8 /* Pods_SOSTests.framework */; };
/* End PBXBuildFile section */

/* Begin PBXContainerItemProxy section */
		81BE5AE1204AFA440077E5E2 /* PBXContainerItemProxy */ = {
			isa = PBXContainerItemProxy;
			containerPortal = 81BE5AC4204AFA440077E5E2 /* Project object */;
			proxyType = 1;
			remoteGlobalIDString = 81BE5ACB204AFA440077E5E2;
			remoteInfo = SOS;
		};
/* End PBXContainerItemProxy section */

/* Begin PBXFileReference section */
		1DEC42B8F00F540D029F8F82 /* Pods-SOS.release.xcconfig */ = {isa = PBXFileReference; includeInIndex = 1; lastKnownFileType = text.xcconfig; name = "Pods-SOS.release.xcconfig"; path = "Pods/Target Support Files/Pods-SOS/Pods-SOS.release.xcconfig"; sourceTree = "<group>"; };
		6308C07E0CB09D60A9A2C028 /* Pods_SOS.framework */ = {isa = PBXFileReference; explicitFileType = wrapper.framework; includeInIndex = 0; path = Pods_SOS.framework; sourceTree = BUILT_PRODUCTS_DIR; };
		7C7502BCC9F1DB29798096EB /* Pods-SOSTests.release.xcconfig */ = {isa = PBXFileReference; includeInIndex = 1; lastKnownFileType = text.xcconfig; name = "Pods-SOSTests.release.xcconfig"; path = "Pods/Target Support Files/Pods-SOSTests/Pods-SOSTests.release.xcconfig"; sourceTree = "<group>"; };
		81BE5ACC204AFA440077E5E2 /* SOS.app */ = {isa = PBXFileReference; explicitFileType = wrapper.application; includeInIndex = 0; path = SOS.app; sourceTree = BUILT_PRODUCTS_DIR; };
		81BE5ACF204AFA440077E5E2 /* AppDelegate.swift */ = {isa = PBXFileReference; lastKnownFileType = sourcecode.swift; path = AppDelegate.swift; sourceTree = "<group>"; };
		81BE5AD6204AFA440077E5E2 /* Assets.xcassets */ = {isa = PBXFileReference; lastKnownFileType = folder.assetcatalog; path = Assets.xcassets; sourceTree = "<group>"; };
		81BE5AD9204AFA440077E5E2 /* Base */ = {isa = PBXFileReference; lastKnownFileType = file.storyboard; name = Base; path = Base.lproj/LaunchScreen.storyboard; sourceTree = "<group>"; };
		81BE5ADB204AFA440077E5E2 /* Info.plist */ = {isa = PBXFileReference; lastKnownFileType = text.plist.xml; path = Info.plist; sourceTree = "<group>"; };
		81BE5AE0204AFA440077E5E2 /* SOSTests.xctest */ = {isa = PBXFileReference; explicitFileType = wrapper.cfbundle; includeInIndex = 0; path = SOSTests.xctest; sourceTree = BUILT_PRODUCTS_DIR; };
		81BE5AE4204AFA440077E5E2 /* SOSTests.swift */ = {isa = PBXFileReference; lastKnownFileType = sourcecode.swift; path = SOSTests.swift; sourceTree = "<group>"; };
		81BE5AE6204AFA440077E5E2 /* Info.plist */ = {isa = PBXFileReference; lastKnownFileType = text.plist.xml; path = Info.plist; sourceTree = "<group>"; };
		81BE5AEF204B013B0077E5E2 /* LoginViewController.swift */ = {isa = PBXFileReference; lastKnownFileType = sourcecode.swift; path = LoginViewController.swift; sourceTree = "<group>"; };
		81BE5AF1204B01700077E5E2 /* SearchViewController.swift */ = {isa = PBXFileReference; lastKnownFileType = sourcecode.swift; path = SearchViewController.swift; sourceTree = "<group>"; };
		81BE5AF3204B01910077E5E2 /* ResultViewController.swift */ = {isa = PBXFileReference; lastKnownFileType = sourcecode.swift; path = ResultViewController.swift; sourceTree = "<group>"; };
		81BE5AF5204B01BB0077E5E2 /* SiteDetailViewController.swift */ = {isa = PBXFileReference; lastKnownFileType = sourcecode.swift; path = SiteDetailViewController.swift; sourceTree = "<group>"; };
		81BE5AF7204B01ED0077E5E2 /* MyInfoViewController.swift */ = {isa = PBXFileReference; lastKnownFileType = sourcecode.swift; path = MyInfoViewController.swift; sourceTree = "<group>"; };
		81BE5AF9204B02180077E5E2 /* ForumViewController.swift */ = {isa = PBXFileReference; lastKnownFileType = sourcecode.swift; path = ForumViewController.swift; sourceTree = "<group>"; };
		81BE5AFB204B02460077E5E2 /* AddQuestionViewController.swift */ = {isa = PBXFileReference; lastKnownFileType = sourcecode.swift; path = AddQuestionViewController.swift; sourceTree = "<group>"; };
		81BE5AFD204B02B20077E5E2 /* QuestionDetailViewController.swift */ = {isa = PBXFileReference; lastKnownFileType = sourcecode.swift; path = QuestionDetailViewController.swift; sourceTree = "<group>"; };
		81BE5B01204B04DA0077E5E2 /* EditInfoViewController.swift */ = {isa = PBXFileReference; lastKnownFileType = sourcecode.swift; path = EditInfoViewController.swift; sourceTree = "<group>"; };
		81BE5B09204B08780077E5E2 /* Stylesheet.swift */ = {isa = PBXFileReference; fileEncoding = 4; lastKnownFileType = sourcecode.swift; path = Stylesheet.swift; sourceTree = "<group>"; };
		81BE5B0A204B08780077E5E2 /* UIViewController+Nav.swift */ = {isa = PBXFileReference; fileEncoding = 4; lastKnownFileType = sourcecode.swift; path = "UIViewController+Nav.swift"; sourceTree = "<group>"; };
		81BE5B0B204B08780077E5E2 /* Alert.swift */ = {isa = PBXFileReference; fileEncoding = 4; lastKnownFileType = sourcecode.swift; path = Alert.swift; sourceTree = "<group>"; };
		81BE5B0C204B08780077E5E2 /* LoginCoordinator.swift */ = {isa = PBXFileReference; fileEncoding = 4; lastKnownFileType = sourcecode.swift; path = LoginCoordinator.swift; sourceTree = "<group>"; };
		81BE5B0D204B08780077E5E2 /* UIColor+Hex.swift */ = {isa = PBXFileReference; fileEncoding = 4; lastKnownFileType = sourcecode.swift; path = "UIColor+Hex.swift"; sourceTree = "<group>"; };
		81BE5B0E204B08780077E5E2 /* UIApplication+topViewController.swift */ = {isa = PBXFileReference; fileEncoding = 4; lastKnownFileType = sourcecode.swift; path = "UIApplication+topViewController.swift"; sourceTree = "<group>"; };
		81BE5B10204B08780077E5E2 /* AZTabBarButtonDelegate.swift */ = {isa = PBXFileReference; fileEncoding = 4; lastKnownFileType = sourcecode.swift; path = AZTabBarButtonDelegate.swift; sourceTree = "<group>"; };
		81BE5B11204B08780077E5E2 /* AZTabBarButton.swift */ = {isa = PBXFileReference; fileEncoding = 4; lastKnownFileType = sourcecode.swift; path = AZTabBarButton.swift; sourceTree = "<group>"; };
		81BE5B12204B08780077E5E2 /* AZTabBarDelegate.swift */ = {isa = PBXFileReference; fileEncoding = 4; lastKnownFileType = sourcecode.swift; path = AZTabBarDelegate.swift; sourceTree = "<group>"; };
		81BE5B13204B08780077E5E2 /* AZTabBarController.xib */ = {isa = PBXFileReference; fileEncoding = 4; lastKnownFileType = file.xib; path = AZTabBarController.xib; sourceTree = "<group>"; };
		81BE5B14204B08780077E5E2 /* AZTabBarController.swift */ = {isa = PBXFileReference; fileEncoding = 4; lastKnownFileType = sourcecode.swift; path = AZTabBarController.swift; sourceTree = "<group>"; };
		81BE5B20204B0DE80077E5E2 /* TestSite.swift */ = {isa = PBXFileReference; lastKnownFileType = sourcecode.swift; path = TestSite.swift; sourceTree = "<group>"; };
		A0ABA4E01B52828A6CD2A199 /* Pods-SOS.debug.xcconfig */ = {isa = PBXFileReference; includeInIndex = 1; lastKnownFileType = text.xcconfig; name = "Pods-SOS.debug.xcconfig"; path = "Pods/Target Support Files/Pods-SOS/Pods-SOS.debug.xcconfig"; sourceTree = "<group>"; };
		C56E74C6A56AD614D78FFA78 /* Pods-SOSTests.debug.xcconfig */ = {isa = PBXFileReference; includeInIndex = 1; lastKnownFileType = text.xcconfig; name = "Pods-SOSTests.debug.xcconfig"; path = "Pods/Target Support Files/Pods-SOSTests/Pods-SOSTests.debug.xcconfig"; sourceTree = "<group>"; };
		FFCD6D4F9934BAA561647EA8 /* Pods_SOSTests.framework */ = {isa = PBXFileReference; explicitFileType = wrapper.framework; includeInIndex = 0; path = Pods_SOSTests.framework; sourceTree = BUILT_PRODUCTS_DIR; };
/* End PBXFileReference section */

/* Begin PBXFrameworksBuildPhase section */
		81BE5AC9204AFA440077E5E2 /* Frameworks */ = {
			isa = PBXFrameworksBuildPhase;
			buildActionMask = 2147483647;
			files = (
				089D9265D0BCBCEECFCE99D4 /* Pods_SOS.framework in Frameworks */,
			);
			runOnlyForDeploymentPostprocessing = 0;
		};
		81BE5ADD204AFA440077E5E2 /* Frameworks */ = {
			isa = PBXFrameworksBuildPhase;
			buildActionMask = 2147483647;
			files = (
				E5ABFCDD9C26E2799BFB76C8 /* Pods_SOSTests.framework in Frameworks */,
			);
			runOnlyForDeploymentPostprocessing = 0;
		};
/* End PBXFrameworksBuildPhase section */

/* Begin PBXGroup section */
		81BE5AC3204AFA440077E5E2 = {
			isa = PBXGroup;
			children = (
				81BE5ACE204AFA440077E5E2 /* SOS */,
				81BE5AE3204AFA440077E5E2 /* SOSTests */,
				81BE5ACD204AFA440077E5E2 /* Products */,
				DD7A5845F98BFBF9C91466A7 /* Pods */,
				908B02B2810EA4094F38336A /* Frameworks */,
			);
			sourceTree = "<group>";
		};
		81BE5ACD204AFA440077E5E2 /* Products */ = {
			isa = PBXGroup;
			children = (
				81BE5ACC204AFA440077E5E2 /* SOS.app */,
				81BE5AE0204AFA440077E5E2 /* SOSTests.xctest */,
			);
			name = Products;
			sourceTree = "<group>";
		};
		81BE5ACE204AFA440077E5E2 /* SOS */ = {
			isa = PBXGroup;
			children = (
				81BE5ACF204AFA440077E5E2 /* AppDelegate.swift */,
				81BE5ADB204AFA440077E5E2 /* Info.plist */,
				81BE5B08204B08780077E5E2 /* Stores */,
				81BE5B07204B05C90077E5E2 /* Views */,
				81BE5B06204B05A00077E5E2 /* Models */,
				81BE5B05204B05740077E5E2 /* Services */,
				81BE5B03204B04FD0077E5E2 /* ViewControllers */,
				81BE5B04204B055E0077E5E2 /* Supporting Files */,
			);
			path = SOS;
			sourceTree = "<group>";
		};
		81BE5AE3204AFA440077E5E2 /* SOSTests */ = {
			isa = PBXGroup;
			children = (
				81BE5AE4204AFA440077E5E2 /* SOSTests.swift */,
				81BE5AE6204AFA440077E5E2 /* Info.plist */,
			);
			path = SOSTests;
			sourceTree = "<group>";
		};
		81BE5B03204B04FD0077E5E2 /* ViewControllers */ = {
			isa = PBXGroup;
			children = (
				81BE5AF1204B01700077E5E2 /* SearchViewController.swift */,
				81BE5AF3204B01910077E5E2 /* ResultViewController.swift */,
				81BE5B01204B04DA0077E5E2 /* EditInfoViewController.swift */,
				81BE5AF5204B01BB0077E5E2 /* SiteDetailViewController.swift */,
				81BE5AF7204B01ED0077E5E2 /* MyInfoViewController.swift */,
				81BE5AF9204B02180077E5E2 /* ForumViewController.swift */,
				81BE5AFB204B02460077E5E2 /* AddQuestionViewController.swift */,
				81BE5AFD204B02B20077E5E2 /* QuestionDetailViewController.swift */,
				81BE5AEF204B013B0077E5E2 /* LoginViewController.swift */,
			);
			path = ViewControllers;
			sourceTree = "<group>";
		};
		81BE5B04204B055E0077E5E2 /* Supporting Files */ = {
			isa = PBXGroup;
			children = (
				81BE5AD6204AFA440077E5E2 /* Assets.xcassets */,
				81BE5AD8204AFA440077E5E2 /* LaunchScreen.storyboard */,
			);
			path = "Supporting Files";
			sourceTree = "<group>";
		};
		81BE5B05204B05740077E5E2 /* Services */ = {
			isa = PBXGroup;
			children = (
			);
			path = Services;
			sourceTree = "<group>";
		};
		81BE5B06204B05A00077E5E2 /* Models */ = {
			isa = PBXGroup;
			children = (
				81BE5B20204B0DE80077E5E2 /* TestSite.swift */,
			);
			path = Models;
			sourceTree = "<group>";
		};
		81BE5B07204B05C90077E5E2 /* Views */ = {
			isa = PBXGroup;
			children = (
			);
			path = Views;
			sourceTree = "<group>";
		};
		81BE5B08204B08780077E5E2 /* Stores */ = {
			isa = PBXGroup;
			children = (
				81BE5B09204B08780077E5E2 /* Stylesheet.swift */,
				81BE5B0A204B08780077E5E2 /* UIViewController+Nav.swift */,
				81BE5B0B204B08780077E5E2 /* Alert.swift */,
				81BE5B0C204B08780077E5E2 /* LoginCoordinator.swift */,
				81BE5B0D204B08780077E5E2 /* UIColor+Hex.swift */,
				81BE5B0E204B08780077E5E2 /* UIApplication+topViewController.swift */,
				81BE5B0F204B08780077E5E2 /* Sources */,
			);
			path = Stores;
			sourceTree = "<group>";
		};
		81BE5B0F204B08780077E5E2 /* Sources */ = {
			isa = PBXGroup;
			children = (
				81BE5B10204B08780077E5E2 /* AZTabBarButtonDelegate.swift */,
				81BE5B11204B08780077E5E2 /* AZTabBarButton.swift */,
				81BE5B12204B08780077E5E2 /* AZTabBarDelegate.swift */,
				81BE5B13204B08780077E5E2 /* AZTabBarController.xib */,
				81BE5B14204B08780077E5E2 /* AZTabBarController.swift */,
			);
			path = Sources;
			sourceTree = "<group>";
		};
		908B02B2810EA4094F38336A /* Frameworks */ = {
			isa = PBXGroup;
			children = (
				6308C07E0CB09D60A9A2C028 /* Pods_SOS.framework */,
				FFCD6D4F9934BAA561647EA8 /* Pods_SOSTests.framework */,
			);
			name = Frameworks;
			sourceTree = "<group>";
		};
		DD7A5845F98BFBF9C91466A7 /* Pods */ = {
			isa = PBXGroup;
			children = (
				A0ABA4E01B52828A6CD2A199 /* Pods-SOS.debug.xcconfig */,
				1DEC42B8F00F540D029F8F82 /* Pods-SOS.release.xcconfig */,
				C56E74C6A56AD614D78FFA78 /* Pods-SOSTests.debug.xcconfig */,
				7C7502BCC9F1DB29798096EB /* Pods-SOSTests.release.xcconfig */,
			);
			name = Pods;
			sourceTree = "<group>";
		};
/* End PBXGroup section */

/* Begin PBXNativeTarget section */
		81BE5ACB204AFA440077E5E2 /* SOS */ = {
			isa = PBXNativeTarget;
			buildConfigurationList = 81BE5AE9204AFA440077E5E2 /* Build configuration list for PBXNativeTarget "SOS" */;
			buildPhases = (
				9690D128810F55E5AA3ABEB2 /* [CP] Check Pods Manifest.lock */,
				81BE5AC8204AFA440077E5E2 /* Sources */,
				81BE5AC9204AFA440077E5E2 /* Frameworks */,
				81BE5ACA204AFA440077E5E2 /* Resources */,
				8D30FFA2657588BF26892627 /* [CP] Embed Pods Frameworks */,
				44A0069E16D6BD59CAC34DFC /* [CP] Copy Pods Resources */,
			);
			buildRules = (
			);
			dependencies = (
			);
			name = SOS;
			productName = SOS;
			productReference = 81BE5ACC204AFA440077E5E2 /* SOS.app */;
			productType = "com.apple.product-type.application";
		};
		81BE5ADF204AFA440077E5E2 /* SOSTests */ = {
			isa = PBXNativeTarget;
			buildConfigurationList = 81BE5AEC204AFA440077E5E2 /* Build configuration list for PBXNativeTarget "SOSTests" */;
			buildPhases = (
				925E0092D94306C693A4A1E5 /* [CP] Check Pods Manifest.lock */,
				81BE5ADC204AFA440077E5E2 /* Sources */,
				81BE5ADD204AFA440077E5E2 /* Frameworks */,
				81BE5ADE204AFA440077E5E2 /* Resources */,
				5EDAE5C09260574D3B102756 /* [CP] Embed Pods Frameworks */,
				FA8ED93A6A4157F42449C6EF /* [CP] Copy Pods Resources */,
			);
			buildRules = (
			);
			dependencies = (
				81BE5AE2204AFA440077E5E2 /* PBXTargetDependency */,
			);
			name = SOSTests;
			productName = SOSTests;
			productReference = 81BE5AE0204AFA440077E5E2 /* SOSTests.xctest */;
			productType = "com.apple.product-type.bundle.unit-test";
		};
/* End PBXNativeTarget section */

/* Begin PBXProject section */
		81BE5AC4204AFA440077E5E2 /* Project object */ = {
			isa = PBXProject;
			attributes = {
				LastSwiftUpdateCheck = 0920;
				LastUpgradeCheck = 0920;
				ORGANIZATIONNAME = C4Q;
				TargetAttributes = {
					81BE5ACB204AFA440077E5E2 = {
						CreatedOnToolsVersion = 9.2;
						ProvisioningStyle = Automatic;
					};
					81BE5ADF204AFA440077E5E2 = {
						CreatedOnToolsVersion = 9.2;
						ProvisioningStyle = Automatic;
						TestTargetID = 81BE5ACB204AFA440077E5E2;
					};
				};
			};
			buildConfigurationList = 81BE5AC7204AFA440077E5E2 /* Build configuration list for PBXProject "SOS" */;
			compatibilityVersion = "Xcode 8.0";
			developmentRegion = en;
			hasScannedForEncodings = 0;
			knownRegions = (
				en,
				Base,
			);
			mainGroup = 81BE5AC3204AFA440077E5E2;
			productRefGroup = 81BE5ACD204AFA440077E5E2 /* Products */;
			projectDirPath = "";
			projectRoot = "";
			targets = (
				81BE5ACB204AFA440077E5E2 /* SOS */,
				81BE5ADF204AFA440077E5E2 /* SOSTests */,
			);
		};
/* End PBXProject section */

/* Begin PBXResourcesBuildPhase section */
		81BE5ACA204AFA440077E5E2 /* Resources */ = {
			isa = PBXResourcesBuildPhase;
			buildActionMask = 2147483647;
			files = (
				81BE5ADA204AFA440077E5E2 /* LaunchScreen.storyboard in Resources */,
				81BE5AD7204AFA440077E5E2 /* Assets.xcassets in Resources */,
				81BE5B1E204B08780077E5E2 /* AZTabBarController.xib in Resources */,
			);
			runOnlyForDeploymentPostprocessing = 0;
		};
		81BE5ADE204AFA440077E5E2 /* Resources */ = {
			isa = PBXResourcesBuildPhase;
			buildActionMask = 2147483647;
			files = (
			);
			runOnlyForDeploymentPostprocessing = 0;
		};
/* End PBXResourcesBuildPhase section */

/* Begin PBXShellScriptBuildPhase section */
		44A0069E16D6BD59CAC34DFC /* [CP] Copy Pods Resources */ = {
			isa = PBXShellScriptBuildPhase;
			buildActionMask = 2147483647;
			files = (
			);
			inputPaths = (
			);
			name = "[CP] Copy Pods Resources";
			outputPaths = (
			);
			runOnlyForDeploymentPostprocessing = 0;
			shellPath = /bin/sh;
			shellScript = "\"${SRCROOT}/Pods/Target Support Files/Pods-SOS/Pods-SOS-resources.sh\"\n";
			showEnvVarsInLog = 0;
		};
		5EDAE5C09260574D3B102756 /* [CP] Embed Pods Frameworks */ = {
			isa = PBXShellScriptBuildPhase;
			buildActionMask = 2147483647;
			files = (
			);
			inputPaths = (
			);
			name = "[CP] Embed Pods Frameworks";
			outputPaths = (
			);
			runOnlyForDeploymentPostprocessing = 0;
			shellPath = /bin/sh;
			shellScript = "\"${SRCROOT}/Pods/Target Support Files/Pods-SOSTests/Pods-SOSTests-frameworks.sh\"\n";
			showEnvVarsInLog = 0;
		};
		8D30FFA2657588BF26892627 /* [CP] Embed Pods Frameworks */ = {
			isa = PBXShellScriptBuildPhase;
			buildActionMask = 2147483647;
			files = (
			);
			inputPaths = (
				"${SRCROOT}/Pods/Target Support Files/Pods-SOS/Pods-SOS-frameworks.sh",
				"${BUILT_PRODUCTS_DIR}/Bolts/Bolts.framework",
				"${BUILT_PRODUCTS_DIR}/FBSDKCoreKit/FBSDKCoreKit.framework",
				"${BUILT_PRODUCTS_DIR}/FBSDKLoginKit/FBSDKLoginKit.framework",
				"${BUILT_PRODUCTS_DIR}/GTMSessionFetcher/GTMSessionFetcher.framework",
				"${BUILT_PRODUCTS_DIR}/GoogleToolboxForMac/GoogleToolboxForMac.framework",
				"${BUILT_PRODUCTS_DIR}/ILLoginKit/ILLoginKit.framework",
				"${BUILT_PRODUCTS_DIR}/SVProgressHUD/SVProgressHUD.framework",
				"${BUILT_PRODUCTS_DIR}/SnapKit/SnapKit.framework",
				"${BUILT_PRODUCTS_DIR}/TableFlip/TableFlip.framework",
				"${BUILT_PRODUCTS_DIR}/Validator/Validator.framework",
				"${BUILT_PRODUCTS_DIR}/leveldb-library/leveldb.framework",
				"${BUILT_PRODUCTS_DIR}/nanopb/nanopb.framework",
			);
			name = "[CP] Embed Pods Frameworks";
			outputPaths = (
				"${TARGET_BUILD_DIR}/${FRAMEWORKS_FOLDER_PATH}/Bolts.framework",
				"${TARGET_BUILD_DIR}/${FRAMEWORKS_FOLDER_PATH}/FBSDKCoreKit.framework",
				"${TARGET_BUILD_DIR}/${FRAMEWORKS_FOLDER_PATH}/FBSDKLoginKit.framework",
				"${TARGET_BUILD_DIR}/${FRAMEWORKS_FOLDER_PATH}/GTMSessionFetcher.framework",
				"${TARGET_BUILD_DIR}/${FRAMEWORKS_FOLDER_PATH}/GoogleToolboxForMac.framework",
				"${TARGET_BUILD_DIR}/${FRAMEWORKS_FOLDER_PATH}/ILLoginKit.framework",
				"${TARGET_BUILD_DIR}/${FRAMEWORKS_FOLDER_PATH}/SVProgressHUD.framework",
				"${TARGET_BUILD_DIR}/${FRAMEWORKS_FOLDER_PATH}/SnapKit.framework",
				"${TARGET_BUILD_DIR}/${FRAMEWORKS_FOLDER_PATH}/TableFlip.framework",
				"${TARGET_BUILD_DIR}/${FRAMEWORKS_FOLDER_PATH}/Validator.framework",
				"${TARGET_BUILD_DIR}/${FRAMEWORKS_FOLDER_PATH}/leveldb.framework",
				"${TARGET_BUILD_DIR}/${FRAMEWORKS_FOLDER_PATH}/nanopb.framework",
			);
			runOnlyForDeploymentPostprocessing = 0;
			shellPath = /bin/sh;
			shellScript = "\"${SRCROOT}/Pods/Target Support Files/Pods-SOS/Pods-SOS-frameworks.sh\"\n";
			showEnvVarsInLog = 0;
		};
		925E0092D94306C693A4A1E5 /* [CP] Check Pods Manifest.lock */ = {
			isa = PBXShellScriptBuildPhase;
			buildActionMask = 2147483647;
			files = (
			);
			inputPaths = (
				"${PODS_PODFILE_DIR_PATH}/Podfile.lock",
				"${PODS_ROOT}/Manifest.lock",
			);
			name = "[CP] Check Pods Manifest.lock";
			outputPaths = (
				"$(DERIVED_FILE_DIR)/Pods-SOSTests-checkManifestLockResult.txt",
			);
			runOnlyForDeploymentPostprocessing = 0;
			shellPath = /bin/sh;
			shellScript = "diff \"${PODS_PODFILE_DIR_PATH}/Podfile.lock\" \"${PODS_ROOT}/Manifest.lock\" > /dev/null\nif [ $? != 0 ] ; then\n    # print error to STDERR\n    echo \"error: The sandbox is not in sync with the Podfile.lock. Run 'pod install' or update your CocoaPods installation.\" >&2\n    exit 1\nfi\n# This output is used by Xcode 'outputs' to avoid re-running this script phase.\necho \"SUCCESS\" > \"${SCRIPT_OUTPUT_FILE_0}\"\n";
			showEnvVarsInLog = 0;
		};
		9690D128810F55E5AA3ABEB2 /* [CP] Check Pods Manifest.lock */ = {
			isa = PBXShellScriptBuildPhase;
			buildActionMask = 2147483647;
			files = (
			);
			inputPaths = (
				"${PODS_PODFILE_DIR_PATH}/Podfile.lock",
				"${PODS_ROOT}/Manifest.lock",
			);
			name = "[CP] Check Pods Manifest.lock";
			outputPaths = (
				"$(DERIVED_FILE_DIR)/Pods-SOS-checkManifestLockResult.txt",
			);
			runOnlyForDeploymentPostprocessing = 0;
			shellPath = /bin/sh;
			shellScript = "diff \"${PODS_PODFILE_DIR_PATH}/Podfile.lock\" \"${PODS_ROOT}/Manifest.lock\" > /dev/null\nif [ $? != 0 ] ; then\n    # print error to STDERR\n    echo \"error: The sandbox is not in sync with the Podfile.lock. Run 'pod install' or update your CocoaPods installation.\" >&2\n    exit 1\nfi\n# This output is used by Xcode 'outputs' to avoid re-running this script phase.\necho \"SUCCESS\" > \"${SCRIPT_OUTPUT_FILE_0}\"\n";
			showEnvVarsInLog = 0;
		};
		FA8ED93A6A4157F42449C6EF /* [CP] Copy Pods Resources */ = {
			isa = PBXShellScriptBuildPhase;
			buildActionMask = 2147483647;
			files = (
			);
			inputPaths = (
			);
			name = "[CP] Copy Pods Resources";
			outputPaths = (
			);
			runOnlyForDeploymentPostprocessing = 0;
			shellPath = /bin/sh;
			shellScript = "\"${SRCROOT}/Pods/Target Support Files/Pods-SOSTests/Pods-SOSTests-resources.sh\"\n";
			showEnvVarsInLog = 0;
		};
/* End PBXShellScriptBuildPhase section */

/* Begin PBXSourcesBuildPhase section */
		81BE5AC8204AFA440077E5E2 /* Sources */ = {
			isa = PBXSourcesBuildPhase;
			buildActionMask = 2147483647;
			files = (
				81BE5B1C204B08780077E5E2 /* AZTabBarButton.swift in Sources */,
				81BE5AF2204B01700077E5E2 /* SearchViewController.swift in Sources */,
				81BE5B21204B0DE80077E5E2 /* TestSite.swift in Sources */,
				81BE5AF0204B013B0077E5E2 /* LoginViewController.swift in Sources */,
				81BE5B18204B08780077E5E2 /* LoginCoordinator.swift in Sources */,
				81BE5AFC204B02460077E5E2 /* AddQuestionViewController.swift in Sources */,
				81BE5AFE204B02B20077E5E2 /* QuestionDetailViewController.swift in Sources */,
				81BE5AD0204AFA440077E5E2 /* AppDelegate.swift in Sources */,
				81BE5B17204B08780077E5E2 /* Alert.swift in Sources */,
				81BE5B1D204B08780077E5E2 /* AZTabBarDelegate.swift in Sources */,
				81BE5AF4204B01910077E5E2 /* ResultViewController.swift in Sources */,
				81BE5B15204B08780077E5E2 /* Stylesheet.swift in Sources */,
				81BE5B19204B08780077E5E2 /* UIColor+Hex.swift in Sources */,
				81BE5AF8204B01ED0077E5E2 /* MyInfoViewController.swift in Sources */,
				81BE5AF6204B01BB0077E5E2 /* SiteDetailViewController.swift in Sources */,
				81BE5B1F204B08780077E5E2 /* AZTabBarController.swift in Sources */,
				81BE5B02204B04DA0077E5E2 /* EditInfoViewController.swift in Sources */,
				81BE5B16204B08780077E5E2 /* UIViewController+Nav.swift in Sources */,
				81BE5AFA204B02180077E5E2 /* ForumViewController.swift in Sources */,
				81BE5B1B204B08780077E5E2 /* AZTabBarButtonDelegate.swift in Sources */,
				81BE5B1A204B08780077E5E2 /* UIApplication+topViewController.swift in Sources */,
			);
			runOnlyForDeploymentPostprocessing = 0;
		};
		81BE5ADC204AFA440077E5E2 /* Sources */ = {
			isa = PBXSourcesBuildPhase;
			buildActionMask = 2147483647;
			files = (
				81BE5AE5204AFA440077E5E2 /* SOSTests.swift in Sources */,
			);
			runOnlyForDeploymentPostprocessing = 0;
		};
/* End PBXSourcesBuildPhase section */

/* Begin PBXTargetDependency section */
		81BE5AE2204AFA440077E5E2 /* PBXTargetDependency */ = {
			isa = PBXTargetDependency;
			target = 81BE5ACB204AFA440077E5E2 /* SOS */;
			targetProxy = 81BE5AE1204AFA440077E5E2 /* PBXContainerItemProxy */;
		};
/* End PBXTargetDependency section */

/* Begin PBXVariantGroup section */
		81BE5AD8204AFA440077E5E2 /* LaunchScreen.storyboard */ = {
			isa = PBXVariantGroup;
			children = (
				81BE5AD9204AFA440077E5E2 /* Base */,
			);
			name = LaunchScreen.storyboard;
			sourceTree = "<group>";
		};
/* End PBXVariantGroup section */

/* Begin XCBuildConfiguration section */
		81BE5AE7204AFA440077E5E2 /* Debug */ = {
			isa = XCBuildConfiguration;
			buildSettings = {
				ALWAYS_SEARCH_USER_PATHS = NO;
				CLANG_ANALYZER_NONNULL = YES;
				CLANG_ANALYZER_NUMBER_OBJECT_CONVERSION = YES_AGGRESSIVE;
				CLANG_CXX_LANGUAGE_STANDARD = "gnu++14";
				CLANG_CXX_LIBRARY = "libc++";
				CLANG_ENABLE_MODULES = YES;
				CLANG_ENABLE_OBJC_ARC = YES;
				CLANG_WARN_BLOCK_CAPTURE_AUTORELEASING = YES;
				CLANG_WARN_BOOL_CONVERSION = YES;
				CLANG_WARN_COMMA = YES;
				CLANG_WARN_CONSTANT_CONVERSION = YES;
				CLANG_WARN_DIRECT_OBJC_ISA_USAGE = YES_ERROR;
				CLANG_WARN_DOCUMENTATION_COMMENTS = YES;
				CLANG_WARN_EMPTY_BODY = YES;
				CLANG_WARN_ENUM_CONVERSION = YES;
				CLANG_WARN_INFINITE_RECURSION = YES;
				CLANG_WARN_INT_CONVERSION = YES;
				CLANG_WARN_NON_LITERAL_NULL_CONVERSION = YES;
				CLANG_WARN_OBJC_LITERAL_CONVERSION = YES;
				CLANG_WARN_OBJC_ROOT_CLASS = YES_ERROR;
				CLANG_WARN_RANGE_LOOP_ANALYSIS = YES;
				CLANG_WARN_STRICT_PROTOTYPES = YES;
				CLANG_WARN_SUSPICIOUS_MOVE = YES;
				CLANG_WARN_UNGUARDED_AVAILABILITY = YES_AGGRESSIVE;
				CLANG_WARN_UNREACHABLE_CODE = YES;
				CLANG_WARN__DUPLICATE_METHOD_MATCH = YES;
				CODE_SIGN_IDENTITY = "iPhone Developer";
				COPY_PHASE_STRIP = NO;
				DEBUG_INFORMATION_FORMAT = dwarf;
				ENABLE_STRICT_OBJC_MSGSEND = YES;
				ENABLE_TESTABILITY = YES;
				GCC_C_LANGUAGE_STANDARD = gnu11;
				GCC_DYNAMIC_NO_PIC = NO;
				GCC_NO_COMMON_BLOCKS = YES;
				GCC_OPTIMIZATION_LEVEL = 0;
				GCC_PREPROCESSOR_DEFINITIONS = (
					"DEBUG=1",
					"$(inherited)",
				);
				GCC_WARN_64_TO_32_BIT_CONVERSION = YES;
				GCC_WARN_ABOUT_RETURN_TYPE = YES_ERROR;
				GCC_WARN_UNDECLARED_SELECTOR = YES;
				GCC_WARN_UNINITIALIZED_AUTOS = YES_AGGRESSIVE;
				GCC_WARN_UNUSED_FUNCTION = YES;
				GCC_WARN_UNUSED_VARIABLE = YES;
				IPHONEOS_DEPLOYMENT_TARGET = 11.2;
				MTL_ENABLE_DEBUG_INFO = YES;
				ONLY_ACTIVE_ARCH = YES;
				SDKROOT = iphoneos;
				SWIFT_ACTIVE_COMPILATION_CONDITIONS = DEBUG;
				SWIFT_OPTIMIZATION_LEVEL = "-Onone";
			};
			name = Debug;
		};
		81BE5AE8204AFA440077E5E2 /* Release */ = {
			isa = XCBuildConfiguration;
			buildSettings = {
				ALWAYS_SEARCH_USER_PATHS = NO;
				CLANG_ANALYZER_NONNULL = YES;
				CLANG_ANALYZER_NUMBER_OBJECT_CONVERSION = YES_AGGRESSIVE;
				CLANG_CXX_LANGUAGE_STANDARD = "gnu++14";
				CLANG_CXX_LIBRARY = "libc++";
				CLANG_ENABLE_MODULES = YES;
				CLANG_ENABLE_OBJC_ARC = YES;
				CLANG_WARN_BLOCK_CAPTURE_AUTORELEASING = YES;
				CLANG_WARN_BOOL_CONVERSION = YES;
				CLANG_WARN_COMMA = YES;
				CLANG_WARN_CONSTANT_CONVERSION = YES;
				CLANG_WARN_DIRECT_OBJC_ISA_USAGE = YES_ERROR;
				CLANG_WARN_DOCUMENTATION_COMMENTS = YES;
				CLANG_WARN_EMPTY_BODY = YES;
				CLANG_WARN_ENUM_CONVERSION = YES;
				CLANG_WARN_INFINITE_RECURSION = YES;
				CLANG_WARN_INT_CONVERSION = YES;
				CLANG_WARN_NON_LITERAL_NULL_CONVERSION = YES;
				CLANG_WARN_OBJC_LITERAL_CONVERSION = YES;
				CLANG_WARN_OBJC_ROOT_CLASS = YES_ERROR;
				CLANG_WARN_RANGE_LOOP_ANALYSIS = YES;
				CLANG_WARN_STRICT_PROTOTYPES = YES;
				CLANG_WARN_SUSPICIOUS_MOVE = YES;
				CLANG_WARN_UNGUARDED_AVAILABILITY = YES_AGGRESSIVE;
				CLANG_WARN_UNREACHABLE_CODE = YES;
				CLANG_WARN__DUPLICATE_METHOD_MATCH = YES;
				CODE_SIGN_IDENTITY = "iPhone Developer";
				COPY_PHASE_STRIP = NO;
				DEBUG_INFORMATION_FORMAT = "dwarf-with-dsym";
				ENABLE_NS_ASSERTIONS = NO;
				ENABLE_STRICT_OBJC_MSGSEND = YES;
				GCC_C_LANGUAGE_STANDARD = gnu11;
				GCC_NO_COMMON_BLOCKS = YES;
				GCC_WARN_64_TO_32_BIT_CONVERSION = YES;
				GCC_WARN_ABOUT_RETURN_TYPE = YES_ERROR;
				GCC_WARN_UNDECLARED_SELECTOR = YES;
				GCC_WARN_UNINITIALIZED_AUTOS = YES_AGGRESSIVE;
				GCC_WARN_UNUSED_FUNCTION = YES;
				GCC_WARN_UNUSED_VARIABLE = YES;
				IPHONEOS_DEPLOYMENT_TARGET = 11.2;
				MTL_ENABLE_DEBUG_INFO = NO;
				SDKROOT = iphoneos;
				SWIFT_OPTIMIZATION_LEVEL = "-Owholemodule";
				VALIDATE_PRODUCT = YES;
			};
			name = Release;
		};
		81BE5AEA204AFA440077E5E2 /* Debug */ = {
			isa = XCBuildConfiguration;
			baseConfigurationReference = A0ABA4E01B52828A6CD2A199 /* Pods-SOS.debug.xcconfig */;
			buildSettings = {
				ASSETCATALOG_COMPILER_APPICON_NAME = AppIcon;
				CODE_SIGN_STYLE = Automatic;
				INFOPLIST_FILE = SOS/Info.plist;
				LD_RUNPATH_SEARCH_PATHS = "$(inherited) @executable_path/Frameworks";
				PRODUCT_BUNDLE_IDENTIFIER = c.SOS;
				PRODUCT_NAME = "$(TARGET_NAME)";
				SWIFT_VERSION = 4.0;
				TARGETED_DEVICE_FAMILY = "1,2";
			};
			name = Debug;
		};
		81BE5AEB204AFA440077E5E2 /* Release */ = {
			isa = XCBuildConfiguration;
			baseConfigurationReference = 1DEC42B8F00F540D029F8F82 /* Pods-SOS.release.xcconfig */;
			buildSettings = {
				ASSETCATALOG_COMPILER_APPICON_NAME = AppIcon;
				CODE_SIGN_STYLE = Automatic;
				INFOPLIST_FILE = SOS/Info.plist;
				LD_RUNPATH_SEARCH_PATHS = "$(inherited) @executable_path/Frameworks";
				PRODUCT_BUNDLE_IDENTIFIER = c.SOS;
				PRODUCT_NAME = "$(TARGET_NAME)";
				SWIFT_VERSION = 4.0;
				TARGETED_DEVICE_FAMILY = "1,2";
			};
			name = Release;
		};
		81BE5AED204AFA440077E5E2 /* Debug */ = {
			isa = XCBuildConfiguration;
			baseConfigurationReference = C56E74C6A56AD614D78FFA78 /* Pods-SOSTests.debug.xcconfig */;
			buildSettings = {
				ALWAYS_EMBED_SWIFT_STANDARD_LIBRARIES = YES;
				BUNDLE_LOADER = "$(TEST_HOST)";
				CODE_SIGN_STYLE = Automatic;
				INFOPLIST_FILE = SOSTests/Info.plist;
				LD_RUNPATH_SEARCH_PATHS = "$(inherited) @executable_path/Frameworks @loader_path/Frameworks";
				PRODUCT_BUNDLE_IDENTIFIER = c.SOSTests;
				PRODUCT_NAME = "$(TARGET_NAME)";
				SWIFT_VERSION = 4.0;
				TARGETED_DEVICE_FAMILY = "1,2";
				TEST_HOST = "$(BUILT_PRODUCTS_DIR)/SOS.app/SOS";
			};
			name = Debug;
		};
		81BE5AEE204AFA440077E5E2 /* Release */ = {
			isa = XCBuildConfiguration;
			baseConfigurationReference = 7C7502BCC9F1DB29798096EB /* Pods-SOSTests.release.xcconfig */;
			buildSettings = {
				ALWAYS_EMBED_SWIFT_STANDARD_LIBRARIES = YES;
				BUNDLE_LOADER = "$(TEST_HOST)";
				CODE_SIGN_STYLE = Automatic;
				INFOPLIST_FILE = SOSTests/Info.plist;
				LD_RUNPATH_SEARCH_PATHS = "$(inherited) @executable_path/Frameworks @loader_path/Frameworks";
				PRODUCT_BUNDLE_IDENTIFIER = c.SOSTests;
				PRODUCT_NAME = "$(TARGET_NAME)";
				SWIFT_VERSION = 4.0;
				TARGETED_DEVICE_FAMILY = "1,2";
				TEST_HOST = "$(BUILT_PRODUCTS_DIR)/SOS.app/SOS";
			};
			name = Release;
		};
/* End XCBuildConfiguration section */

/* Begin XCConfigurationList section */
		81BE5AC7204AFA440077E5E2 /* Build configuration list for PBXProject "SOS" */ = {
			isa = XCConfigurationList;
			buildConfigurations = (
				81BE5AE7204AFA440077E5E2 /* Debug */,
				81BE5AE8204AFA440077E5E2 /* Release */,
			);
			defaultConfigurationIsVisible = 0;
			defaultConfigurationName = Release;
		};
		81BE5AE9204AFA440077E5E2 /* Build configuration list for PBXNativeTarget "SOS" */ = {
			isa = XCConfigurationList;
			buildConfigurations = (
				81BE5AEA204AFA440077E5E2 /* Debug */,
				81BE5AEB204AFA440077E5E2 /* Release */,
			);
			defaultConfigurationIsVisible = 0;
			defaultConfigurationName = Release;
		};
		81BE5AEC204AFA440077E5E2 /* Build configuration list for PBXNativeTarget "SOSTests" */ = {
			isa = XCConfigurationList;
			buildConfigurations = (
				81BE5AED204AFA440077E5E2 /* Debug */,
				81BE5AEE204AFA440077E5E2 /* Release */,
			);
			defaultConfigurationIsVisible = 0;
			defaultConfigurationName = Release;
		};
/* End XCConfigurationList section */
	};
	rootObject = 81BE5AC4204AFA440077E5E2 /* Project object */;
}
